// !$*UTF8*$!
{
	archiveVersion = 1;
	classes = {
	};
	objectVersion = 48;
	objects = {

/* Begin PBXBuildFile section */
		2E00A8DA23E996780000C19D /* firstfile.swift in Sources */ = {isa = PBXBuildFile; fileRef = 2EF791B423E97CEC009BB25F /* firstfile.swift */; };
		2EB628E523E94507007BC9AA /* gameUITests.swift in Sources */ = {isa = PBXBuildFile; fileRef = 2EB628E423E94507007BC9AA /* gameUITests.swift */; };
		2EC203D823E3F39A002EF930 /* AppDelegate.swift in Sources */ = {isa = PBXBuildFile; fileRef = 2EC203D723E3F39A002EF930 /* AppDelegate.swift */; };
		2EC203DA23E3F39A002EF930 /* ViewController.swift in Sources */ = {isa = PBXBuildFile; fileRef = 2EC203D923E3F39A002EF930 /* ViewController.swift */; };
		2EC203DD23E3F39A002EF930 /* Main.storyboard in Resources */ = {isa = PBXBuildFile; fileRef = 2EC203DB23E3F39A002EF930 /* Main.storyboard */; };
		2EC203DF23E3F39A002EF930 /* Assets.xcassets in Resources */ = {isa = PBXBuildFile; fileRef = 2EC203DE23E3F39A002EF930 /* Assets.xcassets */; };
		2EC203E223E3F39A002EF930 /* LaunchScreen.storyboard in Resources */ = {isa = PBXBuildFile; fileRef = 2EC203E023E3F39A002EF930 /* LaunchScreen.storyboard */; };
		2EF791B723E98517009BB25F /* secondfile.swift in Sources */ = {isa = PBXBuildFile; fileRef = 2EF791B623E98517009BB25F /* secondfile.swift */; };
/* End PBXBuildFile section */

/* Begin PBXContainerItemProxy section */
		2EB628E723E94507007BC9AA /* PBXContainerItemProxy */ = {
			isa = PBXContainerItemProxy;
			containerPortal = 2EC203CC23E3F39A002EF930 /* Project object */;
			proxyType = 1;
			remoteGlobalIDString = 2EC203D323E3F39A002EF930;
			remoteInfo = game;
		};
/* End PBXContainerItemProxy section */

/* Begin PBXFileReference section */
		2EB628E223E94506007BC9AA /* gameUITests.xctest */ = {isa = PBXFileReference; explicitFileType = wrapper.cfbundle; includeInIndex = 0; path = gameUITests.xctest; sourceTree = BUILT_PRODUCTS_DIR; };
		2EB628E423E94507007BC9AA /* gameUITests.swift */ = {isa = PBXFileReference; lastKnownFileType = sourcecode.swift; path = gameUITests.swift; sourceTree = "<group>"; };
		2EB628E623E94507007BC9AA /* Info.plist */ = {isa = PBXFileReference; lastKnownFileType = text.plist.xml; path = Info.plist; sourceTree = "<group>"; };
		2EC203D423E3F39A002EF930 /* game.app */ = {isa = PBXFileReference; explicitFileType = wrapper.application; includeInIndex = 0; path = game.app; sourceTree = BUILT_PRODUCTS_DIR; };
		2EC203D723E3F39A002EF930 /* AppDelegate.swift */ = {isa = PBXFileReference; lastKnownFileType = sourcecode.swift; path = AppDelegate.swift; sourceTree = "<group>"; };
		2EC203D923E3F39A002EF930 /* ViewController.swift */ = {isa = PBXFileReference; lastKnownFileType = sourcecode.swift; path = ViewController.swift; sourceTree = "<group>"; };
		2EC203DC23E3F39A002EF930 /* Base */ = {isa = PBXFileReference; lastKnownFileType = file.storyboard; name = Base; path = Base.lproj/Main.storyboard; sourceTree = "<group>"; };
		2EC203DE23E3F39A002EF930 /* Assets.xcassets */ = {isa = PBXFileReference; lastKnownFileType = folder.assetcatalog; path = Assets.xcassets; sourceTree = "<group>"; };
		2EC203E123E3F39A002EF930 /* Base */ = {isa = PBXFileReference; lastKnownFileType = file.storyboard; name = Base; path = Base.lproj/LaunchScreen.storyboard; sourceTree = "<group>"; };
		2EC203E323E3F39A002EF930 /* Info.plist */ = {isa = PBXFileReference; lastKnownFileType = text.plist.xml; path = Info.plist; sourceTree = "<group>"; };
		2EF791B423E97CEC009BB25F /* firstfile.swift */ = {isa = PBXFileReference; lastKnownFileType = sourcecode.swift; path = firstfile.swift; sourceTree = "<group>"; };
		2EF791B623E98517009BB25F /* secondfile.swift */ = {isa = PBXFileReference; lastKnownFileType = sourcecode.swift; path = secondfile.swift; sourceTree = "<group>"; };
/* End PBXFileReference section */

/* Begin PBXFrameworksBuildPhase section */
		2EB628DF23E94506007BC9AA /* Frameworks */ = {
			isa = PBXFrameworksBuildPhase;
			buildActionMask = 2147483647;
			files = (
			);
			runOnlyForDeploymentPostprocessing = 0;
		};
		2EC203D123E3F39A002EF930 /* Frameworks */ = {
			isa = PBXFrameworksBuildPhase;
			buildActionMask = 2147483647;
			files = (
			);
			runOnlyForDeploymentPostprocessing = 0;
		};
/* End PBXFrameworksBuildPhase section */

/* Begin PBXGroup section */
		2EB628E323E94507007BC9AA /* gameUITests */ = {
			isa = PBXGroup;
			children = (
				2EB628E423E94507007BC9AA /* gameUITests.swift */,
				2EB628E623E94507007BC9AA /* Info.plist */,
			);
			path = gameUITests;
			sourceTree = "<group>";
		};
		2EC203CB23E3F39A002EF930 = {
			isa = PBXGroup;
			children = (
				2EC203D623E3F39A002EF930 /* game */,
				2EB628E323E94507007BC9AA /* gameUITests */,
				2EC203D523E3F39A002EF930 /* Products */,
			);
			sourceTree = "<group>";
		};
		2EC203D523E3F39A002EF930 /* Products */ = {
			isa = PBXGroup;
			children = (
				2EC203D423E3F39A002EF930 /* game.app */,
				2EB628E223E94506007BC9AA /* gameUITests.xctest */,
			);
			name = Products;
			sourceTree = "<group>";
		};
		2EC203D623E3F39A002EF930 /* game */ = {
			isa = PBXGroup;
			children = (
				2EC203D723E3F39A002EF930 /* AppDelegate.swift */,
				2EC203D923E3F39A002EF930 /* ViewController.swift */,
				2EC203DB23E3F39A002EF930 /* Main.storyboard */,
				2EC203DE23E3F39A002EF930 /* Assets.xcassets */,
				2EC203E023E3F39A002EF930 /* LaunchScreen.storyboard */,
				2EC203E323E3F39A002EF930 /* Info.plist */,
				2EF791B423E97CEC009BB25F /* firstfile.swift */,
				2EF791B623E98517009BB25F /* secondfile.swift */,
			);
			path = game;
			sourceTree = "<group>";
		};
/* End PBXGroup section */

/* Begin PBXNativeTarget section */
		2EB628E123E94506007BC9AA /* gameUITests */ = {
			isa = PBXNativeTarget;
			buildConfigurationList = 2EB628EB23E94507007BC9AA /* Build configuration list for PBXNativeTarget "gameUITests" */;
			buildPhases = (
				2EB628DE23E94506007BC9AA /* Sources */,
				2EB628DF23E94506007BC9AA /* Frameworks */,
				2EB628E023E94506007BC9AA /* Resources */,
			);
			buildRules = (
			);
			dependencies = (
				2EB628E823E94507007BC9AA /* PBXTargetDependency */,
			);
			name = gameUITests;
			productName = gameUITests;
			productReference = 2EB628E223E94506007BC9AA /* gameUITests.xctest */;
			productType = "com.apple.product-type.bundle.ui-testing";
		};
		2EC203D323E3F39A002EF930 /* game */ = {
			isa = PBXNativeTarget;
			buildConfigurationList = 2EC203E623E3F39A002EF930 /* Build configuration list for PBXNativeTarget "game" */;
			buildPhases = (
				2EC203D023E3F39A002EF930 /* Sources */,
				2EC203D123E3F39A002EF930 /* Frameworks */,
				2EC203D223E3F39A002EF930 /* Resources */,
			);
			buildRules = (
			);
			dependencies = (
			);
			name = game;
			productName = game;
			productReference = 2EC203D423E3F39A002EF930 /* game.app */;
			productType = "com.apple.product-type.application";
		};
/* End PBXNativeTarget section */

/* Begin PBXProject section */
		2EC203CC23E3F39A002EF930 /* Project object */ = {
			isa = PBXProject;
			attributes = {
				LastSwiftUpdateCheck = 0920;
				LastUpgradeCheck = 0920;
				ORGANIZATIONNAME = zapbuild;
				TargetAttributes = {
					2EB628E123E94506007BC9AA = {
						CreatedOnToolsVersion = 9.2;
						ProvisioningStyle = Automatic;
						TestTargetID = 2EC203D323E3F39A002EF930;
					};
					2EC203D323E3F39A002EF930 = {
						CreatedOnToolsVersion = 9.2;
						ProvisioningStyle = Automatic;
					};
				};
			};
			buildConfigurationList = 2EC203CF23E3F39A002EF930 /* Build configuration list for PBXProject "game" */;
			compatibilityVersion = "Xcode 8.0";
			developmentRegion = en;
			hasScannedForEncodings = 0;
			knownRegions = (
				en,
				Base,
			);
			mainGroup = 2EC203CB23E3F39A002EF930;
			productRefGroup = 2EC203D523E3F39A002EF930 /* Products */;
			projectDirPath = "";
			projectRoot = "";
			targets = (
				2EC203D323E3F39A002EF930 /* game */,
				2EB628E123E94506007BC9AA /* gameUITests */,
			);
		};
/* End PBXProject section */

/* Begin PBXResourcesBuildPhase section */
		2EB628E023E94506007BC9AA /* Resources */ = {
			isa = PBXResourcesBuildPhase;
			buildActionMask = 2147483647;
			files = (
			);
			runOnlyForDeploymentPostprocessing = 0;
		};
		2EC203D223E3F39A002EF930 /* Resources */ = {
			isa = PBXResourcesBuildPhase;
			buildActionMask = 2147483647;
			files = (
				2EC203E223E3F39A002EF930 /* LaunchScreen.storyboard in Resources */,
				2EC203DF23E3F39A002EF930 /* Assets.xcassets in Resources */,
				2EC203DD23E3F39A002EF930 /* Main.storyboard in Resources */,
			);
			runOnlyForDeploymentPostprocessing = 0;
		};
/* End PBXResourcesBuildPhase section */

/* Begin PBXSourcesBuildPhase section */
		2EB628DE23E94506007BC9AA /* Sources */ = {
			isa = PBXSourcesBuildPhase;
			buildActionMask = 2147483647;
			files = (
				2EB628E523E94507007BC9AA /* gameUITests.swift in Sources */,
			);
			runOnlyForDeploymentPostprocessing = 0;
		};
		2EC203D023E3F39A002EF930 /* Sources */ = {
			isa = PBXSourcesBuildPhase;
			buildActionMask = 2147483647;
			files = (
				2EC203DA23E3F39A002EF930 /* ViewController.swift in Sources */,
				2EC203D823E3F39A002EF930 /* AppDelegate.swift in Sources */,
				2E00A8DA23E996780000C19D /* firstfile.swift in Sources */,
				2EF791B723E98517009BB25F /* secondfile.swift in Sources */,
			);
			runOnlyForDeploymentPostprocessing = 0;
		};
/* End PBXSourcesBuildPhase section */

/* Begin PBXTargetDependency section */
		2EB628E823E94507007BC9AA /* PBXTargetDependency */ = {
			isa = PBXTargetDependency;
			target = 2EC203D323E3F39A002EF930 /* game */;
			targetProxy = 2EB628E723E94507007BC9AA /* PBXContainerItemProxy */;
		};
/* End PBXTargetDependency section */

/* Begin PBXVariantGroup section */
		2EC203DB23E3F39A002EF930 /* Main.storyboard */ = {
			isa = PBXVariantGroup;
			children = (
				2EC203DC23E3F39A002EF930 /* Base */,
			);
			name = Main.storyboard;
			sourceTree = "<group>";
		};
		2EC203E023E3F39A002EF930 /* LaunchScreen.storyboard */ = {
			isa = PBXVariantGroup;
			children = (
				2EC203E123E3F39A002EF930 /* Base */,
			);
			name = LaunchScreen.storyboard;
			sourceTree = "<group>";
		};
/* End PBXVariantGroup section */

/* Begin XCBuildConfiguration section */
		2EB628E923E94507007BC9AA /* Debug */ = {
			isa = XCBuildConfiguration;
			buildSettings = {
				CODE_SIGN_STYLE = Automatic;
				INFOPLIST_FILE = gameUITests/Info.plist;
				LD_RUNPATH_SEARCH_PATHS = "$(inherited) @executable_path/Frameworks @loader_path/Frameworks";
				PRODUCT_BUNDLE_IDENTIFIER = com.example.gameUITests;
				PRODUCT_NAME = "$(TARGET_NAME)";
				SWIFT_VERSION = 4.0;
				TARGETED_DEVICE_FAMILY = "1,2";
				TEST_TARGET_NAME = game;
			};
			name = Debug;
		};
		2EB628EA23E94507007BC9AA /* Release */ = {
			isa = XCBuildConfiguration;
			buildSettings = {
				CODE_SIGN_STYLE = Automatic;
				INFOPLIST_FILE = gameUITests/Info.plist;
				LD_RUNPATH_SEARCH_PATHS = "$(inherited) @executable_path/Frameworks @loader_path/Frameworks";
				PRODUCT_BUNDLE_IDENTIFIER = com.example.gameUITests;
				PRODUCT_NAME = "$(TARGET_NAME)";
				SWIFT_VERSION = 4.0;
				TARGETED_DEVICE_FAMILY = "1,2";
				TEST_TARGET_NAME = game;
			};
			name = Release;
		};
		2EC203E423E3F39A002EF930 /* Debug */ = {
			isa = XCBuildConfiguration;
			buildSettings = {
				ALWAYS_SEARCH_USER_PATHS = NO;
				CLANG_ANALYZER_NONNULL = YES;
				CLANG_ANALYZER_NUMBER_OBJECT_CONVERSION = YES_AGGRESSIVE;
				CLANG_CXX_LANGUAGE_STANDARD = "gnu++14";
				CLANG_CXX_LIBRARY = "libc++";
				CLANG_ENABLE_MODULES = YES;
				CLANG_ENABLE_OBJC_ARC = YES;
				CLANG_WARN_BLOCK_CAPTURE_AUTORELEASING = YES;
				CLANG_WARN_BOOL_CONVERSION = YES;
				CLANG_WARN_COMMA = YES;
				CLANG_WARN_CONSTANT_CONVERSION = YES;
				CLANG_WARN_DIRECT_OBJC_ISA_USAGE = YES_ERROR;
				CLANG_WARN_DOCUMENTATION_COMMENTS = YES;
				CLANG_WARN_EMPTY_BODY = YES;
				CLANG_WARN_ENUM_CONVERSION = YES;
				CLANG_WARN_INFINITE_RECURSION = YES;
				CLANG_WARN_INT_CONVERSION = YES;
				CLANG_WARN_NON_LITERAL_NULL_CONVERSION = YES;
				CLANG_WARN_OBJC_LITERAL_CONVERSION = YES;
				CLANG_WARN_OBJC_ROOT_CLASS = YES_ERROR;
				CLANG_WARN_RANGE_LOOP_ANALYSIS = YES;
				CLANG_WARN_STRICT_PROTOTYPES = YES;
				CLANG_WARN_SUSPICIOUS_MOVE = YES;
				CLANG_WARN_UNGUARDED_AVAILABILITY = YES_AGGRESSIVE;
				CLANG_WARN_UNREACHABLE_CODE = YES;
				CLANG_WARN__DUPLICATE_METHOD_MATCH = YES;
				CODE_SIGN_IDENTITY = "iPhone Developer";
				COPY_PHASE_STRIP = NO;
				DEBUG_INFORMATION_FORMAT = dwarf;
				ENABLE_STRICT_OBJC_MSGSEND = YES;
				ENABLE_TESTABILITY = YES;
				GCC_C_LANGUAGE_STANDARD = gnu11;
				GCC_DYNAMIC_NO_PIC = NO;
				GCC_NO_COMMON_BLOCKS = YES;
				GCC_OPTIMIZATION_LEVEL = 0;
				GCC_PREPROCESSOR_DEFINITIONS = (
					"DEBUG=1",
					"$(inherited)",
				);
				GCC_WARN_64_TO_32_BIT_CONVERSION = YES;
				GCC_WARN_ABOUT_RETURN_TYPE = YES_ERROR;
				GCC_WARN_UNDECLARED_SELECTOR = YES;
				GCC_WARN_UNINITIALIZED_AUTOS = YES_AGGRESSIVE;
				GCC_WARN_UNUSED_FUNCTION = YES;
				GCC_WARN_UNUSED_VARIABLE = YES;
				IPHONEOS_DEPLOYMENT_TARGET = 11.2;
				MTL_ENABLE_DEBUG_INFO = YES;
				ONLY_ACTIVE_ARCH = YES;
				SDKROOT = iphoneos;
				SWIFT_ACTIVE_COMPILATION_CONDITIONS = DEBUG;
				SWIFT_OPTIMIZATION_LEVEL = "-Onone";
			};
			name = Debug;
		};
		2EC203E523E3F39A002EF930 /* Release */ = {
			isa = XCBuildConfiguration;
			buildSettings = {
				ALWAYS_SEARCH_USER_PATHS = NO;
				CLANG_ANALYZER_NONNULL = YES;
				CLANG_ANALYZER_NUMBER_OBJECT_CONVERSION = YES_AGGRESSIVE;
				CLANG_CXX_LANGUAGE_STANDARD = "gnu++14";
				CLANG_CXX_LIBRARY = "libc++";
				CLANG_ENABLE_MODULES = YES;
				CLANG_ENABLE_OBJC_ARC = YES;
				CLANG_WARN_BLOCK_CAPTURE_AUTORELEASING = YES;
				CLANG_WARN_BOOL_CONVERSION = YES;
				CLANG_WARN_COMMA = YES;
				CLANG_WARN_CONSTANT_CONVERSION = YES;
				CLANG_WARN_DIRECT_OBJC_ISA_USAGE = YES_ERROR;
				CLANG_WARN_DOCUMENTATION_COMMENTS = YES;
				CLANG_WARN_EMPTY_BODY = YES;
				CLANG_WARN_ENUM_CONVERSION = YES;
				CLANG_WARN_INFINITE_RECURSION = YES;
				CLANG_WARN_INT_CONVERSION = YES;
				CLANG_WARN_NON_LITERAL_NULL_CONVERSION = YES;
				CLANG_WARN_OBJC_LITERAL_CONVERSION = YES;
				CLANG_WARN_OBJC_ROOT_CLASS = YES_ERROR;
				CLANG_WARN_RANGE_LOOP_ANALYSIS = YES;
				CLANG_WARN_STRICT_PROTOTYPES = YES;
				CLANG_WARN_SUSPICIOUS_MOVE = YES;
				CLANG_WARN_UNGUARDED_AVAILABILITY = YES_AGGRESSIVE;
				CLANG_WARN_UNREACHABLE_CODE = YES;
				CLANG_WARN__DUPLICATE_METHOD_MATCH = YES;
				CODE_SIGN_IDENTITY = "iPhone Developer";
				COPY_PHASE_STRIP = NO;
				DEBUG_INFORMATION_FORMAT = "dwarf-with-dsym";
				ENABLE_NS_ASSERTIONS = NO;
				ENABLE_STRICT_OBJC_MSGSEND = YES;
				GCC_C_LANGUAGE_STANDARD = gnu11;
				GCC_NO_COMMON_BLOCKS = YES;
				GCC_WARN_64_TO_32_BIT_CONVERSION = YES;
				GCC_WARN_ABOUT_RETURN_TYPE = YES_ERROR;
				GCC_WARN_UNDECLARED_SELECTOR = YES;
				GCC_WARN_UNINITIALIZED_AUTOS = YES_AGGRESSIVE;
				GCC_WARN_UNUSED_FUNCTION = YES;
				GCC_WARN_UNUSED_VARIABLE = YES;
				IPHONEOS_DEPLOYMENT_TARGET = 11.2;
				MTL_ENABLE_DEBUG_INFO = NO;
				SDKROOT = iphoneos;
				SWIFT_OPTIMIZATION_LEVEL = "-Owholemodule";
				VALIDATE_PRODUCT = YES;
			};
			name = Release;
		};
		2EC203E723E3F39A002EF930 /* Debug */ = {
			isa = XCBuildConfiguration;
			buildSettings = {
				ASSETCATALOG_COMPILER_APPICON_NAME = AppIcon;
				CODE_SIGN_STYLE = Automatic;
				DEVELOPMENT_TEAM = 2EW4QBW872;
				INFOPLIST_FILE = game/Info.plist;
				IPHONEOS_DEPLOYMENT_TARGET = 11.2;
				LD_RUNPATH_SEARCH_PATHS = "$(inherited) @executable_path/Frameworks";
				PRODUCT_BUNDLE_IDENTIFIER = com.example.game;
				PRODUCT_NAME = "$(TARGET_NAME)";
				SWIFT_VERSION = 4.0;
				TARGETED_DEVICE_FAMILY = "1,2";
			};
			name = Debug;
		};
		2EC203E823E3F39A002EF930 /* Release */ = {
			isa = XCBuildConfiguration;
			buildSettings = {
				ASSETCATALOG_COMPILER_APPICON_NAME = AppIcon;
				CODE_SIGN_STYLE = Automatic;
				DEVELOPMENT_TEAM = 2EW4QBW872;
				INFOPLIST_FILE = game/Info.plist;
				IPHONEOS_DEPLOYMENT_TARGET = 11.2;
				LD_RUNPATH_SEARCH_PATHS = "$(inherited) @executable_path/Frameworks";
				PRODUCT_BUNDLE_IDENTIFIER = com.example.game;
				PRODUCT_NAME = game;
				SWIFT_VERSION = 4.0;
				TARGETED_DEVICE_FAMILY = "1,2";
			};
			name = Release;
		};
/* End XCBuildConfiguration section */

/* Begin XCConfigurationList section */
		2EB628EB23E94507007BC9AA /* Build configuration list for PBXNativeTarget "gameUITests" */ = {
			isa = XCConfigurationList;
			buildConfigurations = (
				2EB628E923E94507007BC9AA /* Debug */,
				2EB628EA23E94507007BC9AA /* Release */,
			);
			defaultConfigurationIsVisible = 0;
			defaultConfigurationName = Release;
		};
		2EC203CF23E3F39A002EF930 /* Build configuration list for PBXProject "game" */ = {
			isa = XCConfigurationList;
			buildConfigurations = (
				2EC203E423E3F39A002EF930 /* Debug */,
				2EC203E523E3F39A002EF930 /* Release */,
			);
			defaultConfigurationIsVisible = 0;
			defaultConfigurationName = Release;
		};
		2EC203E623E3F39A002EF930 /* Build configuration list for PBXNativeTarget "game" */ = {
			isa = XCConfigurationList;
			buildConfigurations = (
				2EC203E723E3F39A002EF930 /* Debug */,
				2EC203E823E3F39A002EF930 /* Release */,
			);
			defaultConfigurationIsVisible = 0;
			defaultConfigurationName = Release;
		};
/* End XCConfigurationList section */
	};
	rootObject = 2EC203CC23E3F39A002EF930 /* Project object */;
}
